// !$*UTF8*$!
{
	archiveVersion = 1;
	classes = {
	};
	objectVersion = 46;
	objects = {

/* Begin PBXBuildFile section */
		FA2E0D8E1CE4158D00C23797 /* ForwardChainingTests.swift in Sources */ = {isa = PBXBuildFile; fileRef = FA2E0D8C1CE414D100C23797 /* ForwardChainingTests.swift */; };
		FA2E0D911CE4182D00C23797 /* XCTestCase+EntailmentTest.swift in Sources */ = {isa = PBXBuildFile; fileRef = FA2E0D8F1CE4172A00C23797 /* XCTestCase+EntailmentTest.swift */; };
		FA2E0D941CE4194200C23797 /* BackwardChainingTests.swift in Sources */ = {isa = PBXBuildFile; fileRef = FA2E0D921CE4193B00C23797 /* BackwardChainingTests.swift */; };
		FA6786F01CCE4E0000EDD988 /* TruthTable.swift in Sources */ = {isa = PBXBuildFile; fileRef = FA6786EE1CCE4D9B00EDD988 /* TruthTable.swift */; };
		FA6786F41CCEF55500EDD988 /* PropositionalSymbol.swift in Sources */ = {isa = PBXBuildFile; fileRef = FA6786F31CCEF55500EDD988 /* PropositionalSymbol.swift */; };
		FA6786F71CCEF8A300EDD988 /* PropositionalSymbolTests.swift in Sources */ = {isa = PBXBuildFile; fileRef = FA6786F51CCEF89A00EDD988 /* PropositionalSymbolTests.swift */; };
		FA6787001CCF052600EDD988 /* ComplexSentence.swift in Sources */ = {isa = PBXBuildFile; fileRef = FA6786FF1CCF052600EDD988 /* ComplexSentence.swift */; };
		FA6787021CCF055700EDD988 /* AtomicSentence.swift in Sources */ = {isa = PBXBuildFile; fileRef = FA6787011CCF055700EDD988 /* AtomicSentence.swift */; };
		FA6787061CCF08E100EDD988 /* ComplexSentence.swift in Sources */ = {isa = PBXBuildFile; fileRef = FA6786FF1CCF052600EDD988 /* ComplexSentence.swift */; };
		FA6787071CCF08E100EDD988 /* AtomicSentence.swift in Sources */ = {isa = PBXBuildFile; fileRef = FA6787011CCF055700EDD988 /* AtomicSentence.swift */; };
		FA6787081CCF09DF00EDD988 /* AtomicSentenceTests.swift in Sources */ = {isa = PBXBuildFile; fileRef = FA6787041CCF08C800EDD988 /* AtomicSentenceTests.swift */; };
		FA6857821CD5EAD5005B5F01 /* Model.swift in Sources */ = {isa = PBXBuildFile; fileRef = FA6857811CD5EAD5005B5F01 /* Model.swift */; };
		FA6857831CD5ED56005B5F01 /* Model.swift in Sources */ = {isa = PBXBuildFile; fileRef = FA6857811CD5EAD5005B5F01 /* Model.swift */; };
		FA6857861CD5F0A8005B5F01 /* TruthTableTests.swift in Sources */ = {isa = PBXBuildFile; fileRef = FA6857841CD5F0A6005B5F01 /* TruthTableTests.swift */; };
		FA6AEF5A1CD97ABB00C38764 /* ForwardChaining.swift in Sources */ = {isa = PBXBuildFile; fileRef = FA6AEF591CD97ABB00C38764 /* ForwardChaining.swift */; };
		FA72DAFC1CCE4951000ADC59 /* ParserTests.swift in Sources */ = {isa = PBXBuildFile; fileRef = FA72DAFB1CCE4951000ADC59 /* ParserTests.swift */; };
		FA963A751CCF914600C424F5 /* main.swift in Sources */ = {isa = PBXBuildFile; fileRef = FAA069BE1CC762F50039A495 /* main.swift */; };
		FA963A761CCF914600C424F5 /* PropositionalSymbol.swift in Sources */ = {isa = PBXBuildFile; fileRef = FA6786F31CCEF55500EDD988 /* PropositionalSymbol.swift */; };
		FA963A771CCF914600C424F5 /* Connective.swift in Sources */ = {isa = PBXBuildFile; fileRef = FAF28A0C1CCDFAFF00299BA7 /* Connective.swift */; };
		FA963A791CCF914600C424F5 /* FileParser.swift in Sources */ = {isa = PBXBuildFile; fileRef = FAF28A081CCDF9F500299BA7 /* FileParser.swift */; };
		FA963A7A1CCF914600C424F5 /* SentenceParser.swift in Sources */ = {isa = PBXBuildFile; fileRef = FAF28A0A1CCDFA1100299BA7 /* SentenceParser.swift */; };
		FA963A7B1CCF914600C424F5 /* TruthTable.swift in Sources */ = {isa = PBXBuildFile; fileRef = FA6786EE1CCE4D9B00EDD988 /* TruthTable.swift */; };
		FA963A7C1CCF914600C424F5 /* EntailmentMethod.swift in Sources */ = {isa = PBXBuildFile; fileRef = FAD77B4D1CCF375700D513D5 /* EntailmentMethod.swift */; };
		FA963A7D1CCF914600C424F5 /* KnowledgeBase.swift in Sources */ = {isa = PBXBuildFile; fileRef = FAD77B4F1CCF37B900D513D5 /* KnowledgeBase.swift */; };
		FA963A7E1CCF914600C424F5 /* ADTs.swift in Sources */ = {isa = PBXBuildFile; fileRef = FAD77B511CCF454C00D513D5 /* ADTs.swift */; };
		FAA069BF1CC762F50039A495 /* main.swift in Sources */ = {isa = PBXBuildFile; fileRef = FAA069BE1CC762F50039A495 /* main.swift */; };
		FAA069CC1CC763300039A495 /* ComplexSentenceTests.swift in Sources */ = {isa = PBXBuildFile; fileRef = FAA069CB1CC763300039A495 /* ComplexSentenceTests.swift */; };
		FAA069D81CC76D760039A495 /* Sentence.swift in Sources */ = {isa = PBXBuildFile; fileRef = FAA069D71CC76D760039A495 /* Sentence.swift */; };
		FAA069DB1CC774750039A495 /* Sentence.swift in Sources */ = {isa = PBXBuildFile; fileRef = FAA069D71CC76D760039A495 /* Sentence.swift */; };
		FAD6ECC51CE161AB00680CE6 /* ForwardChaining.swift in Sources */ = {isa = PBXBuildFile; fileRef = FA6AEF591CD97ABB00C38764 /* ForwardChaining.swift */; };
		FAD6ECC61CE161AD00680CE6 /* BackwardChaining.swift in Sources */ = {isa = PBXBuildFile; fileRef = FADA423D1CDEC7140033C02D /* BackwardChaining.swift */; };
		FAD77B4E1CCF375700D513D5 /* EntailmentMethod.swift in Sources */ = {isa = PBXBuildFile; fileRef = FAD77B4D1CCF375700D513D5 /* EntailmentMethod.swift */; };
		FAD77B501CCF37B900D513D5 /* KnowledgeBase.swift in Sources */ = {isa = PBXBuildFile; fileRef = FAD77B4F1CCF37B900D513D5 /* KnowledgeBase.swift */; };
		FAD77B521CCF454C00D513D5 /* ADTs.swift in Sources */ = {isa = PBXBuildFile; fileRef = FAD77B511CCF454C00D513D5 /* ADTs.swift */; };
		FADA423E1CDEC7140033C02D /* BackwardChaining.swift in Sources */ = {isa = PBXBuildFile; fileRef = FADA423D1CDEC7140033C02D /* BackwardChaining.swift */; };
		FAF28A091CCDF9F500299BA7 /* FileParser.swift in Sources */ = {isa = PBXBuildFile; fileRef = FAF28A081CCDF9F500299BA7 /* FileParser.swift */; };
		FAF28A0B1CCDFA1100299BA7 /* SentenceParser.swift in Sources */ = {isa = PBXBuildFile; fileRef = FAF28A0A1CCDFA1100299BA7 /* SentenceParser.swift */; };
		FAF28A0D1CCDFAFF00299BA7 /* Connective.swift in Sources */ = {isa = PBXBuildFile; fileRef = FAF28A0C1CCDFAFF00299BA7 /* Connective.swift */; };
/* End PBXBuildFile section */

/* Begin PBXCopyFilesBuildPhase section */
		FAA069B91CC762F50039A495 /* CopyFiles */ = {
			isa = PBXCopyFilesBuildPhase;
			buildActionMask = 2147483647;
			dstPath = /usr/share/man/man1/;
			dstSubfolderSpec = 0;
			files = (
			);
			runOnlyForDeploymentPostprocessing = 1;
		};
/* End PBXCopyFilesBuildPhase section */

/* Begin PBXFileReference section */
		FA2E0D8C1CE414D100C23797 /* ForwardChainingTests.swift */ = {isa = PBXFileReference; fileEncoding = 4; lastKnownFileType = sourcecode.swift; path = ForwardChainingTests.swift; sourceTree = "<group>"; };
		FA2E0D8F1CE4172A00C23797 /* XCTestCase+EntailmentTest.swift */ = {isa = PBXFileReference; fileEncoding = 4; lastKnownFileType = sourcecode.swift; path = "XCTestCase+EntailmentTest.swift"; sourceTree = "<group>"; };
		FA2E0D921CE4193B00C23797 /* BackwardChainingTests.swift */ = {isa = PBXFileReference; fileEncoding = 4; lastKnownFileType = sourcecode.swift; path = BackwardChainingTests.swift; sourceTree = "<group>"; };
		FA6786EE1CCE4D9B00EDD988 /* TruthTable.swift */ = {isa = PBXFileReference; fileEncoding = 4; lastKnownFileType = sourcecode.swift; path = TruthTable.swift; sourceTree = "<group>"; };
		FA6786F31CCEF55500EDD988 /* PropositionalSymbol.swift */ = {isa = PBXFileReference; fileEncoding = 4; lastKnownFileType = sourcecode.swift; path = PropositionalSymbol.swift; sourceTree = "<group>"; };
		FA6786F51CCEF89A00EDD988 /* PropositionalSymbolTests.swift */ = {isa = PBXFileReference; fileEncoding = 4; lastKnownFileType = sourcecode.swift; path = PropositionalSymbolTests.swift; sourceTree = "<group>"; };
		FA6786FF1CCF052600EDD988 /* ComplexSentence.swift */ = {isa = PBXFileReference; fileEncoding = 4; lastKnownFileType = sourcecode.swift; path = ComplexSentence.swift; sourceTree = "<group>"; };
		FA6787011CCF055700EDD988 /* AtomicSentence.swift */ = {isa = PBXFileReference; fileEncoding = 4; lastKnownFileType = sourcecode.swift; path = AtomicSentence.swift; sourceTree = "<group>"; };
		FA6787041CCF08C800EDD988 /* AtomicSentenceTests.swift */ = {isa = PBXFileReference; fileEncoding = 4; lastKnownFileType = sourcecode.swift; path = AtomicSentenceTests.swift; sourceTree = "<group>"; };
		FA6857811CD5EAD5005B5F01 /* Model.swift */ = {isa = PBXFileReference; fileEncoding = 4; lastKnownFileType = sourcecode.swift; path = Model.swift; sourceTree = "<group>"; };
		FA6857841CD5F0A6005B5F01 /* TruthTableTests.swift */ = {isa = PBXFileReference; fileEncoding = 4; lastKnownFileType = sourcecode.swift; path = TruthTableTests.swift; sourceTree = "<group>"; };
		FA6AEF591CD97ABB00C38764 /* ForwardChaining.swift */ = {isa = PBXFileReference; fileEncoding = 4; lastKnownFileType = sourcecode.swift; path = ForwardChaining.swift; sourceTree = "<group>"; };
		FA72DAFB1CCE4951000ADC59 /* ParserTests.swift */ = {isa = PBXFileReference; fileEncoding = 4; lastKnownFileType = sourcecode.swift; path = ParserTests.swift; sourceTree = "<group>"; };
		FAA069BB1CC762F50039A495 /* inference-engine */ = {isa = PBXFileReference; explicitFileType = "compiled.mach-o.executable"; includeInIndex = 0; path = "inference-engine"; sourceTree = BUILT_PRODUCTS_DIR; };
		FAA069BE1CC762F50039A495 /* main.swift */ = {isa = PBXFileReference; lastKnownFileType = sourcecode.swift; path = main.swift; sourceTree = "<group>"; };
		FAA069C91CC763300039A495 /* inference-engine-tests.xctest */ = {isa = PBXFileReference; explicitFileType = wrapper.cfbundle; includeInIndex = 0; path = "inference-engine-tests.xctest"; sourceTree = BUILT_PRODUCTS_DIR; };
		FAA069CB1CC763300039A495 /* ComplexSentenceTests.swift */ = {isa = PBXFileReference; lastKnownFileType = sourcecode.swift; path = ComplexSentenceTests.swift; sourceTree = "<group>"; };
		FAA069CD1CC763300039A495 /* Info.plist */ = {isa = PBXFileReference; lastKnownFileType = text.plist.xml; path = Info.plist; sourceTree = "<group>"; };
		FAA069D71CC76D760039A495 /* Sentence.swift */ = {isa = PBXFileReference; fileEncoding = 4; lastKnownFileType = sourcecode.swift; path = Sentence.swift; sourceTree = "<group>"; };
		FAD77B4D1CCF375700D513D5 /* EntailmentMethod.swift */ = {isa = PBXFileReference; fileEncoding = 4; lastKnownFileType = sourcecode.swift; path = EntailmentMethod.swift; sourceTree = "<group>"; };
		FAD77B4F1CCF37B900D513D5 /* KnowledgeBase.swift */ = {isa = PBXFileReference; fileEncoding = 4; lastKnownFileType = sourcecode.swift; path = KnowledgeBase.swift; sourceTree = "<group>"; };
		FAD77B511CCF454C00D513D5 /* ADTs.swift */ = {isa = PBXFileReference; fileEncoding = 4; lastKnownFileType = sourcecode.swift; path = ADTs.swift; sourceTree = "<group>"; };
		FADA423D1CDEC7140033C02D /* BackwardChaining.swift */ = {isa = PBXFileReference; fileEncoding = 4; lastKnownFileType = sourcecode.swift; path = BackwardChaining.swift; sourceTree = "<group>"; };
		FAF28A081CCDF9F500299BA7 /* FileParser.swift */ = {isa = PBXFileReference; fileEncoding = 4; lastKnownFileType = sourcecode.swift; path = FileParser.swift; sourceTree = "<group>"; };
		FAF28A0A1CCDFA1100299BA7 /* SentenceParser.swift */ = {isa = PBXFileReference; fileEncoding = 4; lastKnownFileType = sourcecode.swift; path = SentenceParser.swift; sourceTree = "<group>"; };
		FAF28A0C1CCDFAFF00299BA7 /* Connective.swift */ = {isa = PBXFileReference; fileEncoding = 4; lastKnownFileType = sourcecode.swift; path = Connective.swift; sourceTree = "<group>"; };
/* End PBXFileReference section */

/* Begin PBXFrameworksBuildPhase section */
		FAA069B81CC762F50039A495 /* Frameworks */ = {
			isa = PBXFrameworksBuildPhase;
			buildActionMask = 2147483647;
			files = (
			);
			runOnlyForDeploymentPostprocessing = 0;
		};
		FAA069C61CC763300039A495 /* Frameworks */ = {
			isa = PBXFrameworksBuildPhase;
			buildActionMask = 2147483647;
			files = (
			);
			runOnlyForDeploymentPostprocessing = 0;
		};
/* End PBXFrameworksBuildPhase section */

/* Begin PBXGroup section */
		FA6787031CCF080800EDD988 /* Sentences */ = {
			isa = PBXGroup;
			children = (
				FAA069D71CC76D760039A495 /* Sentence.swift */,
				FA6786FF1CCF052600EDD988 /* ComplexSentence.swift */,
				FA6787011CCF055700EDD988 /* AtomicSentence.swift */,
			);
			name = Sentences;
			sourceTree = "<group>";
		};
		FA6AEF541CD97A2C00C38764 /* Utilities */ = {
			isa = PBXGroup;
			children = (
				FAF28A081CCDF9F500299BA7 /* FileParser.swift */,
				FAD77B511CCF454C00D513D5 /* ADTs.swift */,
			);
			name = Utilities;
			sourceTree = "<group>";
		};
		FA6AEF551CD97A6900C38764 /* Tokeniser */ = {
			isa = PBXGroup;
			children = (
				FA6786F31CCEF55500EDD988 /* PropositionalSymbol.swift */,
				FAF28A0C1CCDFAFF00299BA7 /* Connective.swift */,
				FAF28A0A1CCDFA1100299BA7 /* SentenceParser.swift */,
			);
			name = Tokeniser;
			sourceTree = "<group>";
		};
		FA6AEF561CD97A7800C38764 /* Propositional Logic */ = {
			isa = PBXGroup;
			children = (
				FA6AEF571CD97A8400C38764 /* Entailment Methods */,
				FA6AEF581CD97A8B00C38764 /* ADTs */,
			);
			name = "Propositional Logic";
			sourceTree = "<group>";
		};
		FA6AEF571CD97A8400C38764 /* Entailment Methods */ = {
			isa = PBXGroup;
			children = (
				FA6786EE1CCE4D9B00EDD988 /* TruthTable.swift */,
				FAD77B4D1CCF375700D513D5 /* EntailmentMethod.swift */,
				FA6AEF591CD97ABB00C38764 /* ForwardChaining.swift */,
				FADA423D1CDEC7140033C02D /* BackwardChaining.swift */,
			);
			name = "Entailment Methods";
			sourceTree = "<group>";
		};
		FA6AEF581CD97A8B00C38764 /* ADTs */ = {
			isa = PBXGroup;
			children = (
				FA6857811CD5EAD5005B5F01 /* Model.swift */,
				FAD77B4F1CCF37B900D513D5 /* KnowledgeBase.swift */,
			);
			name = ADTs;
			sourceTree = "<group>";
		};
		FAA069B21CC762F50039A495 = {
			isa = PBXGroup;
			children = (
				FAA069BD1CC762F50039A495 /* Inference Engine */,
				FAA069CA1CC763300039A495 /* Tests */,
				FAA069BC1CC762F50039A495 /* Products */,
			);
			sourceTree = "<group>";
		};
		FAA069BC1CC762F50039A495 /* Products */ = {
			isa = PBXGroup;
			children = (
				FAA069BB1CC762F50039A495 /* inference-engine */,
				FAA069C91CC763300039A495 /* inference-engine-tests.xctest */,
			);
			name = Products;
			sourceTree = "<group>";
		};
		FAA069BD1CC762F50039A495 /* Inference Engine */ = {
			isa = PBXGroup;
			children = (
				FAA069BE1CC762F50039A495 /* main.swift */,
				FA6AEF551CD97A6900C38764 /* Tokeniser */,
				FA6787031CCF080800EDD988 /* Sentences */,
				FA6AEF541CD97A2C00C38764 /* Utilities */,
				FA6AEF561CD97A7800C38764 /* Propositional Logic */,
			);
			name = "Inference Engine";
			path = "inference-engine";
			sourceTree = "<group>";
		};
		FAA069CA1CC763300039A495 /* Tests */ = {
			isa = PBXGroup;
			children = (
				FAA069CB1CC763300039A495 /* ComplexSentenceTests.swift */,
				FA6787041CCF08C800EDD988 /* AtomicSentenceTests.swift */,
				FAA069CD1CC763300039A495 /* Info.plist */,
				FA72DAFB1CCE4951000ADC59 /* ParserTests.swift */,
				FA6786F51CCEF89A00EDD988 /* PropositionalSymbolTests.swift */,
				FA6857841CD5F0A6005B5F01 /* TruthTableTests.swift */,
				FA2E0D8C1CE414D100C23797 /* ForwardChainingTests.swift */,
				FA2E0D921CE4193B00C23797 /* BackwardChainingTests.swift */,
				FA2E0D8F1CE4172A00C23797 /* XCTestCase+EntailmentTest.swift */,
			);
			name = Tests;
			path = "inference-engine-tests";
			sourceTree = "<group>";
		};
/* End PBXGroup section */

/* Begin PBXNativeTarget section */
		FAA069BA1CC762F50039A495 /* inference-engine */ = {
			isa = PBXNativeTarget;
			buildConfigurationList = FAA069C21CC762F50039A495 /* Build configuration list for PBXNativeTarget "inference-engine" */;
			buildPhases = (
				FAA069B71CC762F50039A495 /* Sources */,
				FAA069B81CC762F50039A495 /* Frameworks */,
				FAA069B91CC762F50039A495 /* CopyFiles */,
			);
			buildRules = (
			);
			dependencies = (
			);
			name = "inference-engine";
			productName = "inference-engine";
			productReference = FAA069BB1CC762F50039A495 /* inference-engine */;
			productType = "com.apple.product-type.tool";
		};
		FAA069C81CC763300039A495 /* inference-engine-tests */ = {
			isa = PBXNativeTarget;
			buildConfigurationList = FAA069CE1CC763300039A495 /* Build configuration list for PBXNativeTarget "inference-engine-tests" */;
			buildPhases = (
				FAA069C51CC763300039A495 /* Sources */,
				FAA069C61CC763300039A495 /* Frameworks */,
				FAA069C71CC763300039A495 /* Resources */,
			);
			buildRules = (
			);
			dependencies = (
			);
			name = "inference-engine-tests";
			productName = "inference-engine-tests";
			productReference = FAA069C91CC763300039A495 /* inference-engine-tests.xctest */;
			productType = "com.apple.product-type.bundle.unit-test";
		};
/* End PBXNativeTarget section */

/* Begin PBXProject section */
		FAA069B31CC762F50039A495 /* Project object */ = {
			isa = PBXProject;
			attributes = {
				LastSwiftUpdateCheck = 0730;
				LastUpgradeCheck = 0730;
				ORGANIZATIONNAME = Alex;
				TargetAttributes = {
					FAA069BA1CC762F50039A495 = {
						CreatedOnToolsVersion = 7.3;
					};
					FAA069C81CC763300039A495 = {
						CreatedOnToolsVersion = 7.3;
					};
				};
			};
			buildConfigurationList = FAA069B61CC762F50039A495 /* Build configuration list for PBXProject "inference-engine" */;
			compatibilityVersion = "Xcode 3.2";
			developmentRegion = English;
			hasScannedForEncodings = 0;
			knownRegions = (
				en,
			);
			mainGroup = FAA069B21CC762F50039A495;
			productRefGroup = FAA069BC1CC762F50039A495 /* Products */;
			projectDirPath = "";
			projectRoot = "";
			targets = (
				FAA069BA1CC762F50039A495 /* inference-engine */,
				FAA069C81CC763300039A495 /* inference-engine-tests */,
			);
		};
/* End PBXProject section */

/* Begin PBXResourcesBuildPhase section */
		FAA069C71CC763300039A495 /* Resources */ = {
			isa = PBXResourcesBuildPhase;
			buildActionMask = 2147483647;
			files = (
			);
			runOnlyForDeploymentPostprocessing = 0;
		};
/* End PBXResourcesBuildPhase section */

/* Begin PBXSourcesBuildPhase section */
		FAA069B71CC762F50039A495 /* Sources */ = {
			isa = PBXSourcesBuildPhase;
			buildActionMask = 2147483647;
			files = (
				FA6786F41CCEF55500EDD988 /* PropositionalSymbol.swift in Sources */,
				FAD77B521CCF454C00D513D5 /* ADTs.swift in Sources */,
				FAA069D81CC76D760039A495 /* Sentence.swift in Sources */,
				FAA069BF1CC762F50039A495 /* main.swift in Sources */,
				FAF28A0D1CCDFAFF00299BA7 /* Connective.swift in Sources */,
				FADA423E1CDEC7140033C02D /* BackwardChaining.swift in Sources */,
				FA6857821CD5EAD5005B5F01 /* Model.swift in Sources */,
				FAF28A091CCDF9F500299BA7 /* FileParser.swift in Sources */,
				FAD77B501CCF37B900D513D5 /* KnowledgeBase.swift in Sources */,
				FA6AEF5A1CD97ABB00C38764 /* ForwardChaining.swift in Sources */,
				FAF28A0B1CCDFA1100299BA7 /* SentenceParser.swift in Sources */,
				FA6787021CCF055700EDD988 /* AtomicSentence.swift in Sources */,
				FAD77B4E1CCF375700D513D5 /* EntailmentMethod.swift in Sources */,
				FA6787001CCF052600EDD988 /* ComplexSentence.swift in Sources */,
				FA6786F01CCE4E0000EDD988 /* TruthTable.swift in Sources */,
			);
			runOnlyForDeploymentPostprocessing = 0;
		};
		FAA069C51CC763300039A495 /* Sources */ = {
			isa = PBXSourcesBuildPhase;
			buildActionMask = 2147483647;
			files = (
				FA963A791CCF914600C424F5 /* FileParser.swift in Sources */,
				FA963A761CCF914600C424F5 /* PropositionalSymbol.swift in Sources */,
				FAD6ECC51CE161AB00680CE6 /* ForwardChaining.swift in Sources */,
				FA963A7A1CCF914600C424F5 /* SentenceParser.swift in Sources */,
				FA6787071CCF08E100EDD988 /* AtomicSentence.swift in Sources */,
				FA2E0D911CE4182D00C23797 /* XCTestCase+EntailmentTest.swift in Sources */,
				FAD6ECC61CE161AD00680CE6 /* BackwardChaining.swift in Sources */,
				FA963A771CCF914600C424F5 /* Connective.swift in Sources */,
				FA6787081CCF09DF00EDD988 /* AtomicSentenceTests.swift in Sources */,
				FA6787061CCF08E100EDD988 /* ComplexSentence.swift in Sources */,
				FA6786F71CCEF8A300EDD988 /* PropositionalSymbolTests.swift in Sources */,
				FA963A7D1CCF914600C424F5 /* KnowledgeBase.swift in Sources */,
				FA963A7C1CCF914600C424F5 /* EntailmentMethod.swift in Sources */,
				FA2E0D941CE4194200C23797 /* BackwardChainingTests.swift in Sources */,
				FA6857861CD5F0A8005B5F01 /* TruthTableTests.swift in Sources */,
				FA963A7E1CCF914600C424F5 /* ADTs.swift in Sources */,
				FA963A7B1CCF914600C424F5 /* TruthTable.swift in Sources */,
				FA963A751CCF914600C424F5 /* main.swift in Sources */,
				FA6857831CD5ED56005B5F01 /* Model.swift in Sources */,
				FA72DAFC1CCE4951000ADC59 /* ParserTests.swift in Sources */,
				FA2E0D8E1CE4158D00C23797 /* ForwardChainingTests.swift in Sources */,
				FAA069DB1CC774750039A495 /* Sentence.swift in Sources */,
				FAA069CC1CC763300039A495 /* ComplexSentenceTests.swift in Sources */,
			);
			runOnlyForDeploymentPostprocessing = 0;
		};
/* End PBXSourcesBuildPhase section */

/* Begin XCBuildConfiguration section */
		FAA069C01CC762F50039A495 /* Debug */ = {
			isa = XCBuildConfiguration;
			buildSettings = {
				ALWAYS_SEARCH_USER_PATHS = NO;
				CLANG_ANALYZER_NONNULL = YES;
				CLANG_CXX_LANGUAGE_STANDARD = "gnu++0x";
				CLANG_CXX_LIBRARY = "libc++";
				CLANG_ENABLE_MODULES = YES;
				CLANG_ENABLE_OBJC_ARC = YES;
				CLANG_WARN_BOOL_CONVERSION = YES;
				CLANG_WARN_CONSTANT_CONVERSION = YES;
				CLANG_WARN_DIRECT_OBJC_ISA_USAGE = YES_ERROR;
				CLANG_WARN_EMPTY_BODY = YES;
				CLANG_WARN_ENUM_CONVERSION = YES;
				CLANG_WARN_INT_CONVERSION = YES;
				CLANG_WARN_OBJC_ROOT_CLASS = YES_ERROR;
				CLANG_WARN_UNREACHABLE_CODE = YES;
				CLANG_WARN__DUPLICATE_METHOD_MATCH = YES;
				CODE_SIGN_IDENTITY = "-";
				COPY_PHASE_STRIP = NO;
				DEBUG_INFORMATION_FORMAT = dwarf;
				ENABLE_STRICT_OBJC_MSGSEND = YES;
				ENABLE_TESTABILITY = YES;
				GCC_C_LANGUAGE_STANDARD = gnu99;
				GCC_DYNAMIC_NO_PIC = NO;
				GCC_NO_COMMON_BLOCKS = YES;
				GCC_OPTIMIZATION_LEVEL = 0;
				GCC_PREPROCESSOR_DEFINITIONS = (
					"DEBUG=1",
					"$(inherited)",
				);
				GCC_WARN_64_TO_32_BIT_CONVERSION = YES;
				GCC_WARN_ABOUT_RETURN_TYPE = YES_ERROR;
				GCC_WARN_UNDECLARED_SELECTOR = YES;
				GCC_WARN_UNINITIALIZED_AUTOS = YES_AGGRESSIVE;
				GCC_WARN_UNUSED_FUNCTION = YES;
				GCC_WARN_UNUSED_VARIABLE = YES;
				MACOSX_DEPLOYMENT_TARGET = 10.11;
				MTL_ENABLE_DEBUG_INFO = YES;
				ONLY_ACTIVE_ARCH = YES;
				SDKROOT = macosx;
				SWIFT_OPTIMIZATION_LEVEL = "-Onone";
			};
			name = Debug;
		};
		FAA069C11CC762F50039A495 /* Release */ = {
			isa = XCBuildConfiguration;
			buildSettings = {
				ALWAYS_SEARCH_USER_PATHS = NO;
				CLANG_ANALYZER_NONNULL = YES;
				CLANG_CXX_LANGUAGE_STANDARD = "gnu++0x";
				CLANG_CXX_LIBRARY = "libc++";
				CLANG_ENABLE_MODULES = YES;
				CLANG_ENABLE_OBJC_ARC = YES;
				CLANG_WARN_BOOL_CONVERSION = YES;
				CLANG_WARN_CONSTANT_CONVERSION = YES;
				CLANG_WARN_DIRECT_OBJC_ISA_USAGE = YES_ERROR;
				CLANG_WARN_EMPTY_BODY = YES;
				CLANG_WARN_ENUM_CONVERSION = YES;
				CLANG_WARN_INT_CONVERSION = YES;
				CLANG_WARN_OBJC_ROOT_CLASS = YES_ERROR;
				CLANG_WARN_UNREACHABLE_CODE = YES;
				CLANG_WARN__DUPLICATE_METHOD_MATCH = YES;
				CODE_SIGN_IDENTITY = "-";
				COPY_PHASE_STRIP = NO;
				DEBUG_INFORMATION_FORMAT = "dwarf-with-dsym";
				ENABLE_NS_ASSERTIONS = NO;
				ENABLE_STRICT_OBJC_MSGSEND = YES;
				GCC_C_LANGUAGE_STANDARD = gnu99;
				GCC_NO_COMMON_BLOCKS = YES;
				GCC_WARN_64_TO_32_BIT_CONVERSION = YES;
				GCC_WARN_ABOUT_RETURN_TYPE = YES_ERROR;
				GCC_WARN_UNDECLARED_SELECTOR = YES;
				GCC_WARN_UNINITIALIZED_AUTOS = YES_AGGRESSIVE;
				GCC_WARN_UNUSED_FUNCTION = YES;
				GCC_WARN_UNUSED_VARIABLE = YES;
				MACOSX_DEPLOYMENT_TARGET = 10.11;
				MTL_ENABLE_DEBUG_INFO = NO;
				SDKROOT = macosx;
			};
			name = Release;
		};
		FAA069C31CC762F50039A495 /* Debug */ = {
			isa = XCBuildConfiguration;
			buildSettings = {
				PRODUCT_NAME = "$(TARGET_NAME)";
			};
			name = Debug;
		};
		FAA069C41CC762F50039A495 /* Release */ = {
			isa = XCBuildConfiguration;
			buildSettings = {
				PRODUCT_NAME = "$(TARGET_NAME)";
			};
			name = Release;
		};
		FAA069CF1CC763300039A495 /* Debug */ = {
			isa = XCBuildConfiguration;
			buildSettings = {
				COMBINE_HIDPI_IMAGES = YES;
				INFOPLIST_FILE = "inference-engine-tests/Info.plist";
				LD_RUNPATH_SEARCH_PATHS = "$(inherited) @executable_path/../Frameworks @loader_path/../Frameworks";
				PRODUCT_BUNDLE_IDENTIFIER = "me.alexcu.swin.ai.inference-engine-tests";
				PRODUCT_NAME = "$(TARGET_NAME)";
			};
			name = Debug;
		};
		FAA069D01CC763300039A495 /* Release */ = {
			isa = XCBuildConfiguration;
			buildSettings = {
				COMBINE_HIDPI_IMAGES = YES;
				INFOPLIST_FILE = "inference-engine-tests/Info.plist";
				LD_RUNPATH_SEARCH_PATHS = "$(inherited) @executable_path/../Frameworks @loader_path/../Frameworks";
				PRODUCT_BUNDLE_IDENTIFIER = "me.alexcu.swin.ai.inference-engine-tests";
				PRODUCT_NAME = "$(TARGET_NAME)";
			};
			name = Release;
		};
/* End XCBuildConfiguration section */

/* Begin XCConfigurationList section */
		FAA069B61CC762F50039A495 /* Build configuration list for PBXProject "inference-engine" */ = {
			isa = XCConfigurationList;
			buildConfigurations = (
				FAA069C01CC762F50039A495 /* Debug */,
				FAA069C11CC762F50039A495 /* Release */,
			);
			defaultConfigurationIsVisible = 0;
			defaultConfigurationName = Release;
		};
		FAA069C21CC762F50039A495 /* Build configuration list for PBXNativeTarget "inference-engine" */ = {
			isa = XCConfigurationList;
			buildConfigurations = (
				FAA069C31CC762F50039A495 /* Debug */,
				FAA069C41CC762F50039A495 /* Release */,
			);
			defaultConfigurationIsVisible = 0;
			defaultConfigurationName = Release;
		};
		FAA069CE1CC763300039A495 /* Build configuration list for PBXNativeTarget "inference-engine-tests" */ = {
			isa = XCConfigurationList;
			buildConfigurations = (
				FAA069CF1CC763300039A495 /* Debug */,
				FAA069D01CC763300039A495 /* Release */,
			);
			defaultConfigurationIsVisible = 0;
			defaultConfigurationName = Release;
		};
/* End XCConfigurationList section */
	};
	rootObject = FAA069B31CC762F50039A495 /* Project object */;
}
